
Microsoft Visual Studio Solution File, Format Version 12.00
# Visual Studio Version 17
VisualStudioVersion = 17.13.35931.197 d17.13
MinimumVisualStudioVersion = 10.0.40219.1
Project("{FAE04EC0-301F-11D3-BF4B-00C04F79EFBC}") = "OrderApi.Domain", "OrderApi.Domain\OrderApi.Domain.csproj", "{28CD258B-78D6-4853-98B4-FCDC80ABFAEB}"
EndProject
Project("{FAE04EC0-301F-11D3-BF4B-00C04F79EFBC}") = "OrderApi.Application", "OrderApi.Application\OrderApi.Application.csproj", "{AD043022-2F52-4320-A09B-F90CD5417B9E}"
EndProject
Project("{FAE04EC0-301F-11D3-BF4B-00C04F79EFBC}") = "OrderApi.Infrastructure", "OrderApi.Infrastructure\OrderApi.Infrastructure.csproj", "{8753DE6C-FAD5-419A-8DFA-BF11812A4F31}"
EndProject
Project("{FAE04EC0-301F-11D3-BF4B-00C04F79EFBC}") = "OrderApi.Presentation", "OrderApi.Presentation\OrderApi.Presentation.csproj", "{9CE879EE-9EB5-4F7F-A6A1-DB0445540F75}"
EndProject
Project("{FAE04EC0-301F-11D3-BF4B-00C04F79EFBC}") = "ECommerce.ShareLibrary", "..\..\ECommerce.ShareLibrarySolution\ECommerce.ShareLibrary\ECommerce.ShareLibrary.csproj", "{219D737C-5387-019E-BD7B-FAC40E2AF2EB}"
EndProject
Global
	GlobalSection(SolutionConfigurationPlatforms) = preSolution
		Debug|Any CPU = Debug|Any CPU
		Release|Any CPU = Release|Any CPU
	EndGlobalSection
	GlobalSection(ProjectConfigurationPlatforms) = postSolution
		{28CD258B-78D6-4853-98B4-FCDC80ABFAEB}.Debug|Any CPU.ActiveCfg = Debug|Any CPU
		{28CD258B-78D6-4853-98B4-FCDC80ABFAEB}.Debug|Any CPU.Build.0 = Debug|Any CPU
		{28CD258B-78D6-4853-98B4-FCDC80ABFAEB}.Release|Any CPU.ActiveCfg = Release|Any CPU
		{28CD258B-78D6-4853-98B4-FCDC80ABFAEB}.Release|Any CPU.Build.0 = Release|Any CPU
		{AD043022-2F52-4320-A09B-F90CD5417B9E}.Debug|Any CPU.ActiveCfg = Debug|Any CPU
		{AD043022-2F52-4320-A09B-F90CD5417B9E}.Debug|Any CPU.Build.0 = Debug|Any CPU
		{AD043022-2F52-4320-A09B-F90CD5417B9E}.Release|Any CPU.ActiveCfg = Release|Any CPU
		{AD043022-2F52-4320-A09B-F90CD5417B9E}.Release|Any CPU.Build.0 = Release|Any CPU
		{8753DE6C-FAD5-419A-8DFA-BF11812A4F31}.Debug|Any CPU.ActiveCfg = Debug|Any CPU
		{8753DE6C-FAD5-419A-8DFA-BF11812A4F31}.Debug|Any CPU.Build.0 = Debug|Any CPU
		{8753DE6C-FAD5-419A-8DFA-BF11812A4F31}.Release|Any CPU.ActiveCfg = Release|Any CPU
		{8753DE6C-FAD5-419A-8DFA-BF11812A4F31}.Release|Any CPU.Build.0 = Release|Any CPU
		{9CE879EE-9EB5-4F7F-A6A1-DB0445540F75}.Debug|Any CPU.ActiveCfg = Debug|Any CPU
		{9CE879EE-9EB5-4F7F-A6A1-DB0445540F75}.Debug|Any CPU.Build.0 = Debug|Any CPU
		{9CE879EE-9EB5-4F7F-A6A1-DB0445540F75}.Release|Any CPU.ActiveCfg = Release|Any CPU
		{9CE879EE-9EB5-4F7F-A6A1-DB0445540F75}.Release|Any CPU.Build.0 = Release|Any CPU
		{219D737C-5387-019E-BD7B-FAC40E2AF2EB}.Debug|Any CPU.ActiveCfg = Debug|Any CPU
		{219D737C-5387-019E-BD7B-FAC40E2AF2EB}.Debug|Any CPU.Build.0 = Debug|Any CPU
		{219D737C-5387-019E-BD7B-FAC40E2AF2EB}.Release|Any CPU.ActiveCfg = Release|Any CPU
		{219D737C-5387-019E-BD7B-FAC40E2AF2EB}.Release|Any CPU.Build.0 = Release|Any CPU
	EndGlobalSection
	GlobalSection(SolutionProperties) = preSolution
		HideSolutionNode = FALSE
	EndGlobalSection
	GlobalSection(ExtensibilityGlobals) = postSolution
		SolutionGuid = {81FA0B8B-6AB5-406F-A208-6BC53FA36646}
	EndGlobalSection
EndGlobal
