
Microsoft Visual Studio Solution File, Format Version 12.00
# Visual Studio Version 17
VisualStudioVersion = 17.13.35931.197
MinimumVisualStudioVersion = 10.0.40219.1
Project("{FAE04EC0-301F-11D3-BF4B-00C04F79EFBC}") = "ProductApi.Application", "ProductApi.Application\ProductApi.Application.csproj", "{7AC5A316-64F6-4A7D-8B67-0690BA9D2645}"
EndProject
Project("{FAE04EC0-301F-11D3-BF4B-00C04F79EFBC}") = "ProductApi.Domain", "ProductApi.Domain\ProductApi.Domain.csproj", "{395AD23B-7274-4F93-8CF5-227F58D77A43}"
EndProject
Project("{FAE04EC0-301F-11D3-BF4B-00C04F79EFBC}") = "ProductApi.Infrastructure", "ProductApi.Infrastructure\ProductApi.Infrastructure.csproj", "{0950E284-19F6-43AD-AD2D-59E32F932F41}"
EndProject
Project("{FAE04EC0-301F-11D3-BF4B-00C04F79EFBC}") = "ECommerce.ShareLibrary", "..\..\ECommerce.ShareLibrarySolution\ECommerce.ShareLibrary\ECommerce.ShareLibrary.csproj", "{219D737C-5387-019E-BD7B-FAC40E2AF2EB}"
EndProject
Project("{FAE04EC0-301F-11D3-BF4B-00C04F79EFBC}") = "ProductApi.Presentation", "ProductApi.Presentation\ProductApi.Presentation.csproj", "{10C14DD9-53FF-78D1-447C-E91F171A5217}"
EndProject
Global
	GlobalSection(SolutionConfigurationPlatforms) = preSolution
		Debug|Any CPU = Debug|Any CPU
		Release|Any CPU = Release|Any CPU
	EndGlobalSection
	GlobalSection(ProjectConfigurationPlatforms) = postSolution
		{7AC5A316-64F6-4A7D-8B67-0690BA9D2645}.Debug|Any CPU.ActiveCfg = Debug|Any CPU
		{7AC5A316-64F6-4A7D-8B67-0690BA9D2645}.Debug|Any CPU.Build.0 = Debug|Any CPU
		{7AC5A316-64F6-4A7D-8B67-0690BA9D2645}.Release|Any CPU.ActiveCfg = Release|Any CPU
		{7AC5A316-64F6-4A7D-8B67-0690BA9D2645}.Release|Any CPU.Build.0 = Release|Any CPU
		{395AD23B-7274-4F93-8CF5-227F58D77A43}.Debug|Any CPU.ActiveCfg = Debug|Any CPU
		{395AD23B-7274-4F93-8CF5-227F58D77A43}.Debug|Any CPU.Build.0 = Debug|Any CPU
		{395AD23B-7274-4F93-8CF5-227F58D77A43}.Release|Any CPU.ActiveCfg = Release|Any CPU
		{395AD23B-7274-4F93-8CF5-227F58D77A43}.Release|Any CPU.Build.0 = Release|Any CPU
		{0950E284-19F6-43AD-AD2D-59E32F932F41}.Debug|Any CPU.ActiveCfg = Debug|Any CPU
		{0950E284-19F6-43AD-AD2D-59E32F932F41}.Debug|Any CPU.Build.0 = Debug|Any CPU
		{0950E284-19F6-43AD-AD2D-59E32F932F41}.Release|Any CPU.ActiveCfg = Release|Any CPU
		{0950E284-19F6-43AD-AD2D-59E32F932F41}.Release|Any CPU.Build.0 = Release|Any CPU
		{219D737C-5387-019E-BD7B-FAC40E2AF2EB}.Debug|Any CPU.ActiveCfg = Debug|Any CPU
		{219D737C-5387-019E-BD7B-FAC40E2AF2EB}.Debug|Any CPU.Build.0 = Debug|Any CPU
		{219D737C-5387-019E-BD7B-FAC40E2AF2EB}.Release|Any CPU.ActiveCfg = Release|Any CPU
		{219D737C-5387-019E-BD7B-FAC40E2AF2EB}.Release|Any CPU.Build.0 = Release|Any CPU
		{10C14DD9-53FF-78D1-447C-E91F171A5217}.Debug|Any CPU.ActiveCfg = Debug|Any CPU
		{10C14DD9-53FF-78D1-447C-E91F171A5217}.Debug|Any CPU.Build.0 = Debug|Any CPU
		{10C14DD9-53FF-78D1-447C-E91F171A5217}.Release|Any CPU.ActiveCfg = Release|Any CPU
		{10C14DD9-53FF-78D1-447C-E91F171A5217}.Release|Any CPU.Build.0 = Release|Any CPU
	EndGlobalSection
	GlobalSection(SolutionProperties) = preSolution
		HideSolutionNode = FALSE
	EndGlobalSection
	GlobalSection(ExtensibilityGlobals) = postSolution
		SolutionGuid = {727CE930-26BA-488E-80E9-16FEB673EFD6}
	EndGlobalSection
EndGlobal
